
Microsoft Visual Studio Solution File, Format Version 12.00
# Visual Studio Version 17
VisualStudioVersion = 17.9.34607.119
MinimumVisualStudioVersion = 10.0.40219.1
Project("{FAE04EC0-301F-11D3-BF4B-00C04F79EFBC}") = "rent-a-car-similation", "rent-a-car-similation\rent-a-car-similation.csproj", "{659D7C43-4BD6-4EE7-9CC2-97AD5F3E1F9D}"
EndProject
Global
	GlobalSection(SolutionConfigurationPlatforms) = preSolution
		Debug|Any CPU = Debug|Any CPU
		Release|Any CPU = Release|Any CPU
	EndGlobalSection
	GlobalSection(ProjectConfigurationPlatforms) = postSolution
		{659D7C43-4BD6-4EE7-9CC2-97AD5F3E1F9D}.Debug|Any CPU.ActiveCfg = Debug|Any CPU
		{659D7C43-4BD6-4EE7-9CC2-97AD5F3E1F9D}.Debug|Any CPU.Build.0 = Debug|Any CPU
		{659D7C43-4BD6-4EE7-9CC2-97AD5F3E1F9D}.Release|Any CPU.ActiveCfg = Release|Any CPU
		{659D7C43-4BD6-4EE7-9CC2-97AD5F3E1F9D}.Release|Any CPU.Build.0 = Release|Any CPU
	EndGlobalSection
	GlobalSection(SolutionProperties) = preSolution
		HideSolutionNode = FALSE
	EndGlobalSection
	GlobalSection(ExtensibilityGlobals) = postSolution
		SolutionGuid = {C23A0A34-173E-404E-BB50-6FAB4C9D49B5}
	EndGlobalSection
EndGlobal
